// !$*UTF8*$!
{
	archiveVersion = 1;
	classes = {
	};
	objectVersion = 50;
	objects = {

/* Begin PBXBuildFile section */
		A18B499421F29C56008BD40E /* AppDelegate.swift in Sources */ = {isa = PBXBuildFile; fileRef = A18B499321F29C56008BD40E /* AppDelegate.swift */; };
		A18B499621F29C56008BD40E /* ViewController.swift in Sources */ = {isa = PBXBuildFile; fileRef = A18B499521F29C56008BD40E /* ViewController.swift */; };
		A18B499921F29C56008BD40E /* Main.storyboard in Resources */ = {isa = PBXBuildFile; fileRef = A18B499721F29C56008BD40E /* Main.storyboard */; };
		A18B499B21F29C56008BD40E /* Assets.xcassets in Resources */ = {isa = PBXBuildFile; fileRef = A18B499A21F29C56008BD40E /* Assets.xcassets */; };
		A18B499E21F29C56008BD40E /* LaunchScreen.storyboard in Resources */ = {isa = PBXBuildFile; fileRef = A18B499C21F29C56008BD40E /* LaunchScreen.storyboard */; };
		A18B49A621F29D3C008BD40E /* introrustg-base2line.otf in Resources */ = {isa = PBXBuildFile; fileRef = A18B49A521F29D3C008BD40E /* introrustg-base2line.otf */; };
		A1E59BD6226B5A4C00346A08 /* AnActionSheet+UIViewControllerTransitioningDelegate.swift in Sources */ = {isa = PBXBuildFile; fileRef = A1E59BD1226B5A4C00346A08 /* AnActionSheet+UIViewControllerTransitioningDelegate.swift */; };
		A1E59BD7226B5A4C00346A08 /* ANActionSheetButton.swift in Sources */ = {isa = PBXBuildFile; fileRef = A1E59BD2226B5A4C00346A08 /* ANActionSheetButton.swift */; };
		A1E59BD8226B5A4C00346A08 /* ANActionSheetController+UIViewControllerAnimatedTransitioning.swift in Sources */ = {isa = PBXBuildFile; fileRef = A1E59BD3226B5A4C00346A08 /* ANActionSheetController+UIViewControllerAnimatedTransitioning.swift */; };
		A1E59BD9226B5A4C00346A08 /* ANActionSheetController.swift in Sources */ = {isa = PBXBuildFile; fileRef = A1E59BD4226B5A4C00346A08 /* ANActionSheetController.swift */; };
		A1E59BDA226B5A4C00346A08 /* ANActionSheetPresentationController.swift in Sources */ = {isa = PBXBuildFile; fileRef = A1E59BD5226B5A4C00346A08 /* ANActionSheetPresentationController.swift */; };
/* End PBXBuildFile section */

/* Begin PBXFileReference section */
		A18B499021F29C56008BD40E /* ANActionSheetController-Example.app */ = {isa = PBXFileReference; explicitFileType = wrapper.application; includeInIndex = 0; path = "ANActionSheetController-Example.app"; sourceTree = BUILT_PRODUCTS_DIR; };
		A18B499321F29C56008BD40E /* AppDelegate.swift */ = {isa = PBXFileReference; lastKnownFileType = sourcecode.swift; path = AppDelegate.swift; sourceTree = "<group>"; };
		A18B499521F29C56008BD40E /* ViewController.swift */ = {isa = PBXFileReference; lastKnownFileType = sourcecode.swift; path = ViewController.swift; sourceTree = "<group>"; };
		A18B499821F29C56008BD40E /* Base */ = {isa = PBXFileReference; lastKnownFileType = file.storyboard; name = Base; path = Base.lproj/Main.storyboard; sourceTree = "<group>"; };
		A18B499A21F29C56008BD40E /* Assets.xcassets */ = {isa = PBXFileReference; lastKnownFileType = folder.assetcatalog; path = Assets.xcassets; sourceTree = "<group>"; };
		A18B499D21F29C56008BD40E /* Base */ = {isa = PBXFileReference; lastKnownFileType = file.storyboard; name = Base; path = Base.lproj/LaunchScreen.storyboard; sourceTree = "<group>"; };
		A18B499F21F29C56008BD40E /* Info.plist */ = {isa = PBXFileReference; lastKnownFileType = text.plist.xml; path = Info.plist; sourceTree = "<group>"; };
		A18B49A521F29D3C008BD40E /* introrustg-base2line.otf */ = {isa = PBXFileReference; lastKnownFileType = file; path = "introrustg-base2line.otf"; sourceTree = "<group>"; };
		A1E59BD1226B5A4C00346A08 /* AnActionSheet+UIViewControllerTransitioningDelegate.swift */ = {isa = PBXFileReference; fileEncoding = 4; lastKnownFileType = sourcecode.swift; path = "AnActionSheet+UIViewControllerTransitioningDelegate.swift"; sourceTree = "<group>"; };
		A1E59BD2226B5A4C00346A08 /* ANActionSheetButton.swift */ = {isa = PBXFileReference; fileEncoding = 4; lastKnownFileType = sourcecode.swift; path = ANActionSheetButton.swift; sourceTree = "<group>"; };
		A1E59BD3226B5A4C00346A08 /* ANActionSheetController+UIViewControllerAnimatedTransitioning.swift */ = {isa = PBXFileReference; fileEncoding = 4; lastKnownFileType = sourcecode.swift; path = "ANActionSheetController+UIViewControllerAnimatedTransitioning.swift"; sourceTree = "<group>"; };
		A1E59BD4226B5A4C00346A08 /* ANActionSheetController.swift */ = {isa = PBXFileReference; fileEncoding = 4; lastKnownFileType = sourcecode.swift; path = ANActionSheetController.swift; sourceTree = "<group>"; };
		A1E59BD5226B5A4C00346A08 /* ANActionSheetPresentationController.swift */ = {isa = PBXFileReference; fileEncoding = 4; lastKnownFileType = sourcecode.swift; path = ANActionSheetPresentationController.swift; sourceTree = "<group>"; };
/* End PBXFileReference section */

/* Begin PBXFrameworksBuildPhase section */
		A18B498D21F29C56008BD40E /* Frameworks */ = {
			isa = PBXFrameworksBuildPhase;
			buildActionMask = 2147483647;
			files = (
			);
			runOnlyForDeploymentPostprocessing = 0;
		};
/* End PBXFrameworksBuildPhase section */

/* Begin PBXGroup section */
		A18B498721F29C56008BD40E = {
			isa = PBXGroup;
			children = (
				A1E59BCF226B5A4C00346A08 /* ANActionSheetController */,
				A18B499221F29C56008BD40E /* ANActionSheetController-Example */,
				A18B499121F29C56008BD40E /* Products */,
			);
			sourceTree = "<group>";
		};
		A18B499121F29C56008BD40E /* Products */ = {
			isa = PBXGroup;
			children = (
				A18B499021F29C56008BD40E /* ANActionSheetController-Example.app */,
			);
			name = Products;
			sourceTree = "<group>";
		};
		A18B499221F29C56008BD40E /* ANActionSheetController-Example */ = {
			isa = PBXGroup;
			children = (
				A18B499321F29C56008BD40E /* AppDelegate.swift */,
				A18B499521F29C56008BD40E /* ViewController.swift */,
				A18B499721F29C56008BD40E /* Main.storyboard */,
				A18B499A21F29C56008BD40E /* Assets.xcassets */,
				A18B499C21F29C56008BD40E /* LaunchScreen.storyboard */,
				A18B499F21F29C56008BD40E /* Info.plist */,
				A18B49A521F29D3C008BD40E /* introrustg-base2line.otf */,
			);
			path = "ANActionSheetController-Example";
			sourceTree = "<group>";
		};
		A1E59BCF226B5A4C00346A08 /* ANActionSheetController */ = {
			isa = PBXGroup;
			children = (
				A1E59BD0226B5A4C00346A08 /* Source */,
			);
			name = ANActionSheetController;
			path = ../ANActionSheetController;
			sourceTree = "<group>";
		};
		A1E59BD0226B5A4C00346A08 /* Source */ = {
			isa = PBXGroup;
			children = (
				A1E59BD1226B5A4C00346A08 /* AnActionSheet+UIViewControllerTransitioningDelegate.swift */,
				A1E59BD2226B5A4C00346A08 /* ANActionSheetButton.swift */,
				A1E59BD3226B5A4C00346A08 /* ANActionSheetController+UIViewControllerAnimatedTransitioning.swift */,
				A1E59BD4226B5A4C00346A08 /* ANActionSheetController.swift */,
				A1E59BD5226B5A4C00346A08 /* ANActionSheetPresentationController.swift */,
			);
			path = Source;
			sourceTree = "<group>";
		};
/* End PBXGroup section */

/* Begin PBXNativeTarget section */
		A18B498F21F29C56008BD40E /* ANActionSheetController-Example */ = {
			isa = PBXNativeTarget;
			buildConfigurationList = A18B49A221F29C56008BD40E /* Build configuration list for PBXNativeTarget "ANActionSheetController-Example" */;
			buildPhases = (
				A18B498C21F29C56008BD40E /* Sources */,
				A18B498D21F29C56008BD40E /* Frameworks */,
				A18B498E21F29C56008BD40E /* Resources */,
			);
			buildRules = (
			);
			dependencies = (
			);
			name = "ANActionSheetController-Example";
			productName = "ANActionSheetController-Example";
			productReference = A18B499021F29C56008BD40E /* ANActionSheetController-Example.app */;
			productType = "com.apple.product-type.application";
		};
/* End PBXNativeTarget section */

/* Begin PBXProject section */
		A18B498821F29C56008BD40E /* Project object */ = {
			isa = PBXProject;
			attributes = {
				LastSwiftUpdateCheck = 1010;
				LastUpgradeCheck = 1010;
				ORGANIZATIONNAME = "Anelad Nailaben";
				TargetAttributes = {
					A18B498F21F29C56008BD40E = {
						CreatedOnToolsVersion = 10.1;
						LastSwiftMigration = 1020;
					};
				};
			};
			buildConfigurationList = A18B498B21F29C56008BD40E /* Build configuration list for PBXProject "ANActionSheetController-Example" */;
			compatibilityVersion = "Xcode 9.3";
			developmentRegion = en;
			hasScannedForEncodings = 0;
			knownRegions = (
				en,
				Base,
			);
			mainGroup = A18B498721F29C56008BD40E;
			productRefGroup = A18B499121F29C56008BD40E /* Products */;
			projectDirPath = "";
			projectRoot = "";
			targets = (
				A18B498F21F29C56008BD40E /* ANActionSheetController-Example */,
			);
		};
/* End PBXProject section */

/* Begin PBXResourcesBuildPhase section */
		A18B498E21F29C56008BD40E /* Resources */ = {
			isa = PBXResourcesBuildPhase;
			buildActionMask = 2147483647;
			files = (
				A18B499E21F29C56008BD40E /* LaunchScreen.storyboard in Resources */,
				A18B499B21F29C56008BD40E /* Assets.xcassets in Resources */,
				A18B49A621F29D3C008BD40E /* introrustg-base2line.otf in Resources */,
				A18B499921F29C56008BD40E /* Main.storyboard in Resources */,
			);
			runOnlyForDeploymentPostprocessing = 0;
		};
/* End PBXResourcesBuildPhase section */

/* Begin PBXSourcesBuildPhase section */
		A18B498C21F29C56008BD40E /* Sources */ = {
			isa = PBXSourcesBuildPhase;
			buildActionMask = 2147483647;
			files = (
				A1E59BD9226B5A4C00346A08 /* ANActionSheetController.swift in Sources */,
				A18B499621F29C56008BD40E /* ViewController.swift in Sources */,
				A1E59BD6226B5A4C00346A08 /* AnActionSheet+UIViewControllerTransitioningDelegate.swift in Sources */,
				A1E59BD7226B5A4C00346A08 /* ANActionSheetButton.swift in Sources */,
				A1E59BDA226B5A4C00346A08 /* ANActionSheetPresentationController.swift in Sources */,
				A18B499421F29C56008BD40E /* AppDelegate.swift in Sources */,
				A1E59BD8226B5A4C00346A08 /* ANActionSheetController+UIViewControllerAnimatedTransitioning.swift in Sources */,
			);
			runOnlyForDeploymentPostprocessing = 0;
		};
/* End PBXSourcesBuildPhase section */

/* Begin PBXVariantGroup section */
		A18B499721F29C56008BD40E /* Main.storyboard */ = {
			isa = PBXVariantGroup;
			children = (
				A18B499821F29C56008BD40E /* Base */,
			);
			name = Main.storyboard;
			sourceTree = "<group>";
		};
		A18B499C21F29C56008BD40E /* LaunchScreen.storyboard */ = {
			isa = PBXVariantGroup;
			children = (
				A18B499D21F29C56008BD40E /* Base */,
			);
			name = LaunchScreen.storyboard;
			sourceTree = "<group>";
		};
/* End PBXVariantGroup section */

/* Begin XCBuildConfiguration section */
		A18B49A021F29C56008BD40E /* Debug */ = {
			isa = XCBuildConfiguration;
			buildSettings = {
				ALWAYS_SEARCH_USER_PATHS = NO;
				CLANG_ANALYZER_NONNULL = YES;
				CLANG_ANALYZER_NUMBER_OBJECT_CONVERSION = YES_AGGRESSIVE;
				CLANG_CXX_LANGUAGE_STANDARD = "gnu++14";
				CLANG_CXX_LIBRARY = "libc++";
				CLANG_ENABLE_MODULES = YES;
				CLANG_ENABLE_OBJC_ARC = YES;
				CLANG_ENABLE_OBJC_WEAK = YES;
				CLANG_WARN_BLOCK_CAPTURE_AUTORELEASING = YES;
				CLANG_WARN_BOOL_CONVERSION = YES;
				CLANG_WARN_COMMA = YES;
				CLANG_WARN_CONSTANT_CONVERSION = YES;
				CLANG_WARN_DEPRECATED_OBJC_IMPLEMENTATIONS = YES;
				CLANG_WARN_DIRECT_OBJC_ISA_USAGE = YES_ERROR;
				CLANG_WARN_DOCUMENTATION_COMMENTS = YES;
				CLANG_WARN_EMPTY_BODY = YES;
				CLANG_WARN_ENUM_CONVERSION = YES;
				CLANG_WARN_INFINITE_RECURSION = YES;
				CLANG_WARN_INT_CONVERSION = YES;
				CLANG_WARN_NON_LITERAL_NULL_CONVERSION = YES;
				CLANG_WARN_OBJC_IMPLICIT_RETAIN_SELF = YES;
				CLANG_WARN_OBJC_LITERAL_CONVERSION = YES;
				CLANG_WARN_OBJC_ROOT_CLASS = YES_ERROR;
				CLANG_WARN_RANGE_LOOP_ANALYSIS = YES;
				CLANG_WARN_STRICT_PROTOTYPES = YES;
				CLANG_WARN_SUSPICIOUS_MOVE = YES;
				CLANG_WARN_UNGUARDED_AVAILABILITY = YES_AGGRESSIVE;
				CLANG_WARN_UNREACHABLE_CODE = YES;
				CLANG_WARN__DUPLICATE_METHOD_MATCH = YES;
				CODE_SIGN_IDENTITY = "iPhone Developer";
				COPY_PHASE_STRIP = NO;
				DEBUG_INFORMATION_FORMAT = dwarf;
				ENABLE_STRICT_OBJC_MSGSEND = YES;
				ENABLE_TESTABILITY = YES;
				GCC_C_LANGUAGE_STANDARD = gnu11;
				GCC_DYNAMIC_NO_PIC = NO;
				GCC_NO_COMMON_BLOCKS = YES;
				GCC_OPTIMIZATION_LEVEL = 0;
				GCC_PREPROCESSOR_DEFINITIONS = (
					"DEBUG=1",
					"$(inherited)",
				);
				GCC_WARN_64_TO_32_BIT_CONVERSION = YES;
				GCC_WARN_ABOUT_RETURN_TYPE = YES_ERROR;
				GCC_WARN_UNDECLARED_SELECTOR = YES;
				GCC_WARN_UNINITIALIZED_AUTOS = YES_AGGRESSIVE;
				GCC_WARN_UNUSED_FUNCTION = YES;
				GCC_WARN_UNUSED_VARIABLE = YES;
				IPHONEOS_DEPLOYMENT_TARGET = 12.1;
				MTL_ENABLE_DEBUG_INFO = INCLUDE_SOURCE;
				MTL_FAST_MATH = YES;
				ONLY_ACTIVE_ARCH = YES;
				SDKROOT = iphoneos;
				SWIFT_ACTIVE_COMPILATION_CONDITIONS = DEBUG;
				SWIFT_OPTIMIZATION_LEVEL = "-Onone";
			};
			name = Debug;
		};
		A18B49A121F29C56008BD40E /* Release */ = {
			isa = XCBuildConfiguration;
			buildSettings = {
				ALWAYS_SEARCH_USER_PATHS = NO;
				CLANG_ANALYZER_NONNULL = YES;
				CLANG_ANALYZER_NUMBER_OBJECT_CONVERSION = YES_AGGRESSIVE;
				CLANG_CXX_LANGUAGE_STANDARD = "gnu++14";
				CLANG_CXX_LIBRARY = "libc++";
				CLANG_ENABLE_MODULES = YES;
				CLANG_ENABLE_OBJC_ARC = YES;
				CLANG_ENABLE_OBJC_WEAK = YES;
				CLANG_WARN_BLOCK_CAPTURE_AUTORELEASING = YES;
				CLANG_WARN_BOOL_CONVERSION = YES;
				CLANG_WARN_COMMA = YES;
				CLANG_WARN_CONSTANT_CONVERSION = YES;
				CLANG_WARN_DEPRECATED_OBJC_IMPLEMENTATIONS = YES;
				CLANG_WARN_DIRECT_OBJC_ISA_USAGE = YES_ERROR;
				CLANG_WARN_DOCUMENTATION_COMMENTS = YES;
				CLANG_WARN_EMPTY_BODY = YES;
				CLANG_WARN_ENUM_CONVERSION = YES;
				CLANG_WARN_INFINITE_RECURSION = YES;
				CLANG_WARN_INT_CONVERSION = YES;
				CLANG_WARN_NON_LITERAL_NULL_CONVERSION = YES;
				CLANG_WARN_OBJC_IMPLICIT_RETAIN_SELF = YES;
				CLANG_WARN_OBJC_LITERAL_CONVERSION = YES;
				CLANG_WARN_OBJC_ROOT_CLASS = YES_ERROR;
				CLANG_WARN_RANGE_LOOP_ANALYSIS = YES;
				CLANG_WARN_STRICT_PROTOTYPES = YES;
				CLANG_WARN_SUSPICIOUS_MOVE = YES;
				CLANG_WARN_UNGUARDED_AVAILABILITY = YES_AGGRESSIVE;
				CLANG_WARN_UNREACHABLE_CODE = YES;
				CLANG_WARN__DUPLICATE_METHOD_MATCH = YES;
				CODE_SIGN_IDENTITY = "iPhone Developer";
				COPY_PHASE_STRIP = NO;
				DEBUG_INFORMATION_FORMAT = "dwarf-with-dsym";
				ENABLE_NS_ASSERTIONS = NO;
				ENABLE_STRICT_OBJC_MSGSEND = YES;
				GCC_C_LANGUAGE_STANDARD = gnu11;
				GCC_NO_COMMON_BLOCKS = YES;
				GCC_WARN_64_TO_32_BIT_CONVERSION = YES;
				GCC_WARN_ABOUT_RETURN_TYPE = YES_ERROR;
				GCC_WARN_UNDECLARED_SELECTOR = YES;
				GCC_WARN_UNINITIALIZED_AUTOS = YES_AGGRESSIVE;
				GCC_WARN_UNUSED_FUNCTION = YES;
				GCC_WARN_UNUSED_VARIABLE = YES;
				IPHONEOS_DEPLOYMENT_TARGET = 12.1;
				MTL_ENABLE_DEBUG_INFO = NO;
				MTL_FAST_MATH = YES;
				SDKROOT = iphoneos;
				SWIFT_COMPILATION_MODE = wholemodule;
				SWIFT_OPTIMIZATION_LEVEL = "-O";
				VALIDATE_PRODUCT = YES;
			};
			name = Release;
		};
		A18B49A321F29C56008BD40E /* Debug */ = {
			isa = XCBuildConfiguration;
			buildSettings = {
				ASSETCATALOG_COMPILER_APPICON_NAME = AppIcon;
				CODE_SIGN_STYLE = Automatic;
				DEVELOPMENT_TEAM = W9ZVWEMJZF;
				INFOPLIST_FILE = "ANActionSheetController-Example/Info.plist";
				IPHONEOS_DEPLOYMENT_TARGET = 9.0;
				LD_RUNPATH_SEARCH_PATHS = (
					"$(inherited)",
					"@executable_path/Frameworks",
				);
				PRODUCT_BUNDLE_IDENTIFIER = "com.anelad.ANActionSheetController-Example";
				PRODUCT_NAME = "$(TARGET_NAME)";
				SWIFT_VERSION = 5.0;
				TARGETED_DEVICE_FAMILY = "1,2";
			};
			name = Debug;
		};
		A18B49A421F29C56008BD40E /* Release */ = {
			isa = XCBuildConfiguration;
			buildSettings = {
				ASSETCATALOG_COMPILER_APPICON_NAME = AppIcon;
				CODE_SIGN_STYLE = Automatic;
				DEVELOPMENT_TEAM = W9ZVWEMJZF;
				INFOPLIST_FILE = "ANActionSheetController-Example/Info.plist";
				IPHONEOS_DEPLOYMENT_TARGET = 9.0;
				LD_RUNPATH_SEARCH_PATHS = (
					"$(inherited)",
					"@executable_path/Frameworks",
				);
				PRODUCT_BUNDLE_IDENTIFIER = "com.anelad.ANActionSheetController-Example";
				PRODUCT_NAME = "$(TARGET_NAME)";
				SWIFT_VERSION = 5.0;
				TARGETED_DEVICE_FAMILY = "1,2";
			};
			name = Release;
		};
/* End XCBuildConfiguration section */

/* Begin XCConfigurationList section */
		A18B498B21F29C56008BD40E /* Build configuration list for PBXProject "ANActionSheetController-Example" */ = {
			isa = XCConfigurationList;
			buildConfigurations = (
				A18B49A021F29C56008BD40E /* Debug */,
				A18B49A121F29C56008BD40E /* Release */,
			);
			defaultConfigurationIsVisible = 0;
			defaultConfigurationName = Release;
		};
		A18B49A221F29C56008BD40E /* Build configuration list for PBXNativeTarget "ANActionSheetController-Example" */ = {
			isa = XCConfigurationList;
			buildConfigurations = (
				A18B49A321F29C56008BD40E /* Debug */,
				A18B49A421F29C56008BD40E /* Release */,
			);
			defaultConfigurationIsVisible = 0;
			defaultConfigurationName = Release;
		};
/* End XCConfigurationList section */
	};
	rootObject = A18B498821F29C56008BD40E /* Project object */;
}
